<?xml version="1.0" encoding="UTF-8" standalone="yes" ?>
<CodeBlocks_project_file>
   <FileVersion major="1" minor="6" />
   <Project>
      <Option title="hdf5thumbnailer" />
      <Option makefile_is_custom="1" />
      <Option compiler="gcc" />
      <Option virtualFolders="CMake Files\;CMake Files\..\;CMake Files\..\..\;CMake Files\..\..\..\;CMake Files\..\..\..\..\;CMake Files\..\..\..\..\..\;CMake Files\..\..\..\..\..\usr\;CMake Files\..\..\..\..\..\usr\share\;CMake Files\..\..\..\..\..\usr\share\ECM\;CMake Files\..\..\..\..\..\usr\share\ECM\cmake\;CMake Files\..\..\..\..\..\usr\share\ECM\modules\;CMake Files\..\..\..\..\..\usr\share\ECM\kde-modules\;CMake Files\..\..\..\..\..\usr\share\ECM\find-modules\;CMake Files\..\..\..\..\..\usr\lib64\;CMake Files\..\..\..\..\..\usr\lib64\cmake\;CMake Files\..\..\..\..\..\usr\lib64\cmake\Qt5Core\;CMake Files\..\..\..\..\..\usr\lib64\cmake\Qt5\;CMake Files\..\..\..\..\..\usr\lib64\cmake\Qt5Gui\;CMake Files\..\..\..\..\..\usr\lib64\cmake\KF5KIO\;CMake Files\..\..\..\..\..\usr\lib64\cmake\KF5CoreAddons\;CMake Files\..\..\..\..\..\usr\lib64\cmake\KF5Config\;CMake Files\..\..\..\..\..\usr\lib64\cmake\Qt5Xml\;CMake Files\..\..\..\..\..\usr\lib64\cmake\KF5Service\;CMake Files\..\..\..\..\..\usr\lib64\cmake\KF5Bookmarks\;CMake Files\..\..\..\..\..\usr\lib64\cmake\KF5WidgetsAddons\;CMake Files\..\..\..\..\..\usr\lib64\cmake\Qt5Widgets\;CMake Files\..\..\..\..\..\usr\lib64\cmake\KF5Completion\;CMake Files\..\..\..\..\..\usr\lib64\cmake\KF5ItemViews\;CMake Files\..\..\..\..\..\usr\lib64\cmake\KF5JobWidgets\;CMake Files\..\..\..\..\..\usr\lib64\cmake\KF5Solid\;CMake Files\..\..\..\..\..\usr\lib64\cmake\KF5XmlGui\;CMake Files\..\..\..\..\..\usr\lib64\cmake\Qt5DBus\;CMake Files\..\..\..\..\..\usr\lib64\cmake\KF5ConfigWidgets\;CMake Files\..\..\..\..\..\usr\lib64\cmake\KF5Auth\;CMake Files\..\..\..\..\..\usr\lib64\cmake\KF5Codecs\;CMake Files\..\..\..\..\..\usr\lib64\cmake\Qt5Network\;CMake Files\..\..\..\..\..\usr\lib64\cmake\KF5Archive\;" />
      <Build>
      <Target title="all">
         <Option working_dir="/home/scm/projects/hdf5Thumbnails/cppbuild" />
         <Option type="4" />
         <MakeCommands>
            <Build command="/usr/bin/gmake -f &quot;/home/scm/projects/hdf5Thumbnails/cppbuild/Makefile&quot;  VERBOSE=1 all" />
            <CompileFile command="/usr/bin/gmake -f &quot;/home/scm/projects/hdf5Thumbnails/cppbuild/Makefile&quot;  VERBOSE=1 &quot;$file&quot;" />
            <Clean command="/usr/bin/gmake -f &quot;/home/scm/projects/hdf5Thumbnails/cppbuild/Makefile&quot;  VERBOSE=1 clean" />
            <DistClean command="/usr/bin/gmake -f &quot;/home/scm/projects/hdf5Thumbnails/cppbuild/Makefile&quot;  VERBOSE=1 clean" />
         </MakeCommands>
      </Target>
      <Target title="test">
         <Option working_dir="/home/scm/projects/hdf5Thumbnails/cppbuild" />
         <Option type="4" />
         <MakeCommands>
            <Build command="/usr/bin/gmake -f &quot;/home/scm/projects/hdf5Thumbnails/cppbuild/Makefile&quot;  VERBOSE=1 test" />
            <CompileFile command="/usr/bin/gmake -f &quot;/home/scm/projects/hdf5Thumbnails/cppbuild/Makefile&quot;  VERBOSE=1 &quot;$file&quot;" />
            <Clean command="/usr/bin/gmake -f &quot;/home/scm/projects/hdf5Thumbnails/cppbuild/Makefile&quot;  VERBOSE=1 clean" />
            <DistClean command="/usr/bin/gmake -f &quot;/home/scm/projects/hdf5Thumbnails/cppbuild/Makefile&quot;  VERBOSE=1 clean" />
         </MakeCommands>
      </Target>
      <Target title="rebuild_cache">
         <Option working_dir="/home/scm/projects/hdf5Thumbnails/cppbuild" />
         <Option type="4" />
         <MakeCommands>
            <Build command="/usr/bin/gmake -f &quot;/home/scm/projects/hdf5Thumbnails/cppbuild/Makefile&quot;  VERBOSE=1 rebuild_cache" />
            <CompileFile command="/usr/bin/gmake -f &quot;/home/scm/projects/hdf5Thumbnails/cppbuild/Makefile&quot;  VERBOSE=1 &quot;$file&quot;" />
            <Clean command="/usr/bin/gmake -f &quot;/home/scm/projects/hdf5Thumbnails/cppbuild/Makefile&quot;  VERBOSE=1 clean" />
            <DistClean command="/usr/bin/gmake -f &quot;/home/scm/projects/hdf5Thumbnails/cppbuild/Makefile&quot;  VERBOSE=1 clean" />
         </MakeCommands>
      </Target>
      <Target title="list_install_components">
         <Option working_dir="/home/scm/projects/hdf5Thumbnails/cppbuild" />
         <Option type="4" />
         <MakeCommands>
            <Build command="/usr/bin/gmake -f &quot;/home/scm/projects/hdf5Thumbnails/cppbuild/Makefile&quot;  VERBOSE=1 list_install_components" />
            <CompileFile command="/usr/bin/gmake -f &quot;/home/scm/projects/hdf5Thumbnails/cppbuild/Makefile&quot;  VERBOSE=1 &quot;$file&quot;" />
            <Clean command="/usr/bin/gmake -f &quot;/home/scm/projects/hdf5Thumbnails/cppbuild/Makefile&quot;  VERBOSE=1 clean" />
            <DistClean command="/usr/bin/gmake -f &quot;/home/scm/projects/hdf5Thumbnails/cppbuild/Makefile&quot;  VERBOSE=1 clean" />
         </MakeCommands>
      </Target>
      <Target title="install">
         <Option working_dir="/home/scm/projects/hdf5Thumbnails/cppbuild" />
         <Option type="4" />
         <MakeCommands>
            <Build command="/usr/bin/gmake -f &quot;/home/scm/projects/hdf5Thumbnails/cppbuild/Makefile&quot;  VERBOSE=1 install" />
            <CompileFile command="/usr/bin/gmake -f &quot;/home/scm/projects/hdf5Thumbnails/cppbuild/Makefile&quot;  VERBOSE=1 &quot;$file&quot;" />
            <Clean command="/usr/bin/gmake -f &quot;/home/scm/projects/hdf5Thumbnails/cppbuild/Makefile&quot;  VERBOSE=1 clean" />
            <DistClean command="/usr/bin/gmake -f &quot;/home/scm/projects/hdf5Thumbnails/cppbuild/Makefile&quot;  VERBOSE=1 clean" />
         </MakeCommands>
      </Target>
      <Target title="install/local">
         <Option working_dir="/home/scm/projects/hdf5Thumbnails/cppbuild" />
         <Option type="4" />
         <MakeCommands>
            <Build command="/usr/bin/gmake -f &quot;/home/scm/projects/hdf5Thumbnails/cppbuild/Makefile&quot;  VERBOSE=1 install/local" />
            <CompileFile command="/usr/bin/gmake -f &quot;/home/scm/projects/hdf5Thumbnails/cppbuild/Makefile&quot;  VERBOSE=1 &quot;$file&quot;" />
            <Clean command="/usr/bin/gmake -f &quot;/home/scm/projects/hdf5Thumbnails/cppbuild/Makefile&quot;  VERBOSE=1 clean" />
            <DistClean command="/usr/bin/gmake -f &quot;/home/scm/projects/hdf5Thumbnails/cppbuild/Makefile&quot;  VERBOSE=1 clean" />
         </MakeCommands>
      </Target>
      <Target title="install/strip">
         <Option working_dir="/home/scm/projects/hdf5Thumbnails/cppbuild" />
         <Option type="4" />
         <MakeCommands>
            <Build command="/usr/bin/gmake -f &quot;/home/scm/projects/hdf5Thumbnails/cppbuild/Makefile&quot;  VERBOSE=1 install/strip" />
            <CompileFile command="/usr/bin/gmake -f &quot;/home/scm/projects/hdf5Thumbnails/cppbuild/Makefile&quot;  VERBOSE=1 &quot;$file&quot;" />
            <Clean command="/usr/bin/gmake -f &quot;/home/scm/projects/hdf5Thumbnails/cppbuild/Makefile&quot;  VERBOSE=1 clean" />
            <DistClean command="/usr/bin/gmake -f &quot;/home/scm/projects/hdf5Thumbnails/cppbuild/Makefile&quot;  VERBOSE=1 clean" />
         </MakeCommands>
      </Target>
      <Target title="edit_cache">
         <Option working_dir="/home/scm/projects/hdf5Thumbnails/cppbuild" />
         <Option type="4" />
         <MakeCommands>
            <Build command="/usr/bin/gmake -f &quot;/home/scm/projects/hdf5Thumbnails/cppbuild/Makefile&quot;  VERBOSE=1 edit_cache" />
            <CompileFile command="/usr/bin/gmake -f &quot;/home/scm/projects/hdf5Thumbnails/cppbuild/Makefile&quot;  VERBOSE=1 &quot;$file&quot;" />
            <Clean command="/usr/bin/gmake -f &quot;/home/scm/projects/hdf5Thumbnails/cppbuild/Makefile&quot;  VERBOSE=1 clean" />
            <DistClean command="/usr/bin/gmake -f &quot;/home/scm/projects/hdf5Thumbnails/cppbuild/Makefile&quot;  VERBOSE=1 clean" />
         </MakeCommands>
      </Target>
      <Target title="hdf5thumbnail_automoc">
         <Option working_dir="/home/scm/projects/hdf5Thumbnails/cppbuild" />
         <Option type="4" />
         <MakeCommands>
            <Build command="/usr/bin/gmake -f &quot;/home/scm/projects/hdf5Thumbnails/cppbuild/Makefile&quot;  VERBOSE=1 hdf5thumbnail_automoc" />
            <CompileFile command="/usr/bin/gmake -f &quot;/home/scm/projects/hdf5Thumbnails/cppbuild/Makefile&quot;  VERBOSE=1 &quot;$file&quot;" />
            <Clean command="/usr/bin/gmake -f &quot;/home/scm/projects/hdf5Thumbnails/cppbuild/Makefile&quot;  VERBOSE=1 clean" />
            <DistClean command="/usr/bin/gmake -f &quot;/home/scm/projects/hdf5Thumbnails/cppbuild/Makefile&quot;  VERBOSE=1 clean" />
         </MakeCommands>
      </Target>
      <Target title="hdf5thumbnail">
         <Option output="/home/scm/projects/hdf5Thumbnails/cppbuild/hdf5thumbnail.so" prefix_auto="0" extension_auto="0" />
         <Option working_dir="/home/scm/projects/hdf5Thumbnails/cppbuild" />
         <Option object_output="./" />
         <Option type="3" />
         <Option compiler="gcc" />
         <Compiler>
            <Add option="-D_GNU_SOURCE" />
            <Add option="-D_LARGEFILE64_SOURCE" />
            <Add option="-DQT_GUI_LIB" />
            <Add option="-DQT_CORE_LIB" />
            <Add option="-DQT_NO_DEBUG" />
            <Add option="-DKCOREADDONS_LIB" />
            <Add option="-DQT_WIDGETS_LIB" />
            <Add option="-DQT_NETWORK_LIB" />
            <Add directory="/home/scm/projects/hdf5Thumbnails/cpp" />
            <Add directory="/home/scm/projects/hdf5Thumbnails/cppbuild" />
            <Add directory="/usr/include" />
            <Add directory="/usr/include/KF5" />
            <Add directory="/usr/include/KF5/KArchive" />
            <Add directory="/usr/include/KF5/KCompletion" />
            <Add directory="/usr/include/KF5/KConfigCore" />
            <Add directory="/usr/include/KF5/KCoreAddons" />
            <Add directory="/usr/include/KF5/KIOCore" />
            <Add directory="/usr/include/KF5/KIOWidgets" />
            <Add directory="/usr/include/KF5/KJobWidgets" />
            <Add directory="/usr/include/KF5/KService" />
            <Add directory="/usr/include/KF5/KWidgetsAddons" />
            <Add directory="/usr/include/qt5" />
            <Add directory="/usr/include/qt5/QtCore" />
            <Add directory="/usr/include/qt5/QtGui" />
            <Add directory="/usr/include/qt5/QtNetwork" />
            <Add directory="/usr/include/qt5/QtWidgets" />
            <Add directory="/usr/lib/gcc/x86_64-pc-linux-gnu/4.9.3/include" />
            <Add directory="/usr/lib/gcc/x86_64-pc-linux-gnu/4.9.3/include-fixed" />
            <Add directory="/usr/lib/gcc/x86_64-pc-linux-gnu/4.9.3/include/g++-v4" />
            <Add directory="/usr/lib/gcc/x86_64-pc-linux-gnu/4.9.3/include/g++-v4/backward" />
            <Add directory="/usr/lib/gcc/x86_64-pc-linux-gnu/4.9.3/include/g++-v4/x86_64-pc-linux-gnu" />
            <Add directory="/usr/lib64/qt5/mkspecs/linux-g++" />
         </Compiler>
         <MakeCommands>
            <Build command="/usr/bin/gmake -f &quot;/home/scm/projects/hdf5Thumbnails/cppbuild/Makefile&quot;  VERBOSE=1 hdf5thumbnail" />
            <CompileFile command="/usr/bin/gmake -f &quot;/home/scm/projects/hdf5Thumbnails/cppbuild/Makefile&quot;  VERBOSE=1 &quot;$file&quot;" />
            <Clean command="/usr/bin/gmake -f &quot;/home/scm/projects/hdf5Thumbnails/cppbuild/Makefile&quot;  VERBOSE=1 clean" />
            <DistClean command="/usr/bin/gmake -f &quot;/home/scm/projects/hdf5Thumbnails/cppbuild/Makefile&quot;  VERBOSE=1 clean" />
         </MakeCommands>
      </Target>
      <Target title="hdf5thumbnail/fast">
         <Option output="/home/scm/projects/hdf5Thumbnails/cppbuild/hdf5thumbnail.so" prefix_auto="0" extension_auto="0" />
         <Option working_dir="/home/scm/projects/hdf5Thumbnails/cppbuild" />
         <Option object_output="./" />
         <Option type="3" />
         <Option compiler="gcc" />
         <Compiler>
            <Add option="-D_GNU_SOURCE" />
            <Add option="-D_LARGEFILE64_SOURCE" />
            <Add option="-DQT_GUI_LIB" />
            <Add option="-DQT_CORE_LIB" />
            <Add option="-DQT_NO_DEBUG" />
            <Add option="-DKCOREADDONS_LIB" />
            <Add option="-DQT_WIDGETS_LIB" />
            <Add option="-DQT_NETWORK_LIB" />
            <Add directory="/home/scm/projects/hdf5Thumbnails/cpp" />
            <Add directory="/home/scm/projects/hdf5Thumbnails/cppbuild" />
            <Add directory="/usr/include" />
            <Add directory="/usr/include/KF5" />
            <Add directory="/usr/include/KF5/KArchive" />
            <Add directory="/usr/include/KF5/KCompletion" />
            <Add directory="/usr/include/KF5/KConfigCore" />
            <Add directory="/usr/include/KF5/KCoreAddons" />
            <Add directory="/usr/include/KF5/KIOCore" />
            <Add directory="/usr/include/KF5/KIOWidgets" />
            <Add directory="/usr/include/KF5/KJobWidgets" />
            <Add directory="/usr/include/KF5/KService" />
            <Add directory="/usr/include/KF5/KWidgetsAddons" />
            <Add directory="/usr/include/qt5" />
            <Add directory="/usr/include/qt5/QtCore" />
            <Add directory="/usr/include/qt5/QtGui" />
            <Add directory="/usr/include/qt5/QtNetwork" />
            <Add directory="/usr/include/qt5/QtWidgets" />
            <Add directory="/usr/lib/gcc/x86_64-pc-linux-gnu/4.9.3/include" />
            <Add directory="/usr/lib/gcc/x86_64-pc-linux-gnu/4.9.3/include-fixed" />
            <Add directory="/usr/lib/gcc/x86_64-pc-linux-gnu/4.9.3/include/g++-v4" />
            <Add directory="/usr/lib/gcc/x86_64-pc-linux-gnu/4.9.3/include/g++-v4/backward" />
            <Add directory="/usr/lib/gcc/x86_64-pc-linux-gnu/4.9.3/include/g++-v4/x86_64-pc-linux-gnu" />
            <Add directory="/usr/lib64/qt5/mkspecs/linux-g++" />
         </Compiler>
         <MakeCommands>
            <Build command="/usr/bin/gmake -f &quot;/home/scm/projects/hdf5Thumbnails/cppbuild/Makefile&quot;  VERBOSE=1 hdf5thumbnail/fast" />
            <CompileFile command="/usr/bin/gmake -f &quot;/home/scm/projects/hdf5Thumbnails/cppbuild/Makefile&quot;  VERBOSE=1 &quot;$file&quot;" />
            <Clean command="/usr/bin/gmake -f &quot;/home/scm/projects/hdf5Thumbnails/cppbuild/Makefile&quot;  VERBOSE=1 clean" />
            <DistClean command="/usr/bin/gmake -f &quot;/home/scm/projects/hdf5Thumbnails/cppbuild/Makefile&quot;  VERBOSE=1 clean" />
         </MakeCommands>
      </Target>
      <Target title="uninstall">
         <Option working_dir="/home/scm/projects/hdf5Thumbnails/cppbuild" />
         <Option type="4" />
         <MakeCommands>
            <Build command="/usr/bin/gmake -f &quot;/home/scm/projects/hdf5Thumbnails/cppbuild/Makefile&quot;  VERBOSE=1 uninstall" />
            <CompileFile command="/usr/bin/gmake -f &quot;/home/scm/projects/hdf5Thumbnails/cppbuild/Makefile&quot;  VERBOSE=1 &quot;$file&quot;" />
            <Clean command="/usr/bin/gmake -f &quot;/home/scm/projects/hdf5Thumbnails/cppbuild/Makefile&quot;  VERBOSE=1 clean" />
            <DistClean command="/usr/bin/gmake -f &quot;/home/scm/projects/hdf5Thumbnails/cppbuild/Makefile&quot;  VERBOSE=1 clean" />
         </MakeCommands>
      </Target>
      </Build>
      <Unit filename="/home/scm/projects/hdf5Thumbnails/cpp/hdf5thumbnail.cpp">
         <Option target="hdf5thumbnail"/>
      </Unit>
      <Unit filename="/home/scm/projects/hdf5Thumbnails/cpp/hdf5thumbnail.h">
         <Option target="hdf5thumbnail"/>
      </Unit>
      <Unit filename="/home/scm/projects/hdf5Thumbnails/cpp/CMakeLists.txt">
          <Option virtualFolder="CMake Files\" />
      </Unit>
      <Unit filename="/home/scm/projects/hdf5Thumbnails/cpp/../../../../../usr/share/ECM/cmake/ECMConfigVersion.cmake">
          <Option virtualFolder="CMake Files\..\..\..\..\..\usr\share\ECM\cmake\" />
      </Unit>
      <Unit filename="/home/scm/projects/hdf5Thumbnails/cpp/../../../../../usr/share/ECM/cmake/ECMConfig.cmake">
          <Option virtualFolder="CMake Files\..\..\..\..\..\usr\share\ECM\cmake\" />
      </Unit>
      <Unit filename="/home/scm/projects/hdf5Thumbnails/cpp/../../../../../usr/share/ECM/modules/ECMUseFindModules.cmake">
          <Option virtualFolder="CMake Files\..\..\..\..\..\usr\share\ECM\modules\" />
      </Unit>
      <Unit filename="/home/scm/projects/hdf5Thumbnails/cpp/../../../../../usr/share/ECM/modules/ECMQueryQmake.cmake">
          <Option virtualFolder="CMake Files\..\..\..\..\..\usr\share\ECM\modules\" />
      </Unit>
      <Unit filename="/home/scm/projects/hdf5Thumbnails/cpp/../../../../../usr/share/ECM/modules/ECMUninstallTarget.cmake">
          <Option virtualFolder="CMake Files\..\..\..\..\..\usr\share\ECM\modules\" />
      </Unit>
      <Unit filename="/home/scm/projects/hdf5Thumbnails/cpp/../../../../../usr/share/ECM/modules/ecm_uninstall.cmake.in">
          <Option virtualFolder="CMake Files\..\..\..\..\..\usr\share\ECM\modules\" />
      </Unit>
      <Unit filename="/home/scm/projects/hdf5Thumbnails/cpp/../../../../../usr/share/ECM/modules/ECMEnableSanitizers.cmake">
          <Option virtualFolder="CMake Files\..\..\..\..\..\usr\share\ECM\modules\" />
      </Unit>
      <Unit filename="/home/scm/projects/hdf5Thumbnails/cpp/../../../../../usr/share/ECM/modules/ECMCoverageOption.cmake">
          <Option virtualFolder="CMake Files\..\..\..\..\..\usr\share\ECM\modules\" />
      </Unit>
      <Unit filename="/home/scm/projects/hdf5Thumbnails/cpp/../../../../../usr/share/ECM/modules/ECMFindModuleHelpers.cmake">
          <Option virtualFolder="CMake Files\..\..\..\..\..\usr\share\ECM\modules\" />
      </Unit>
      <Unit filename="/home/scm/projects/hdf5Thumbnails/cpp/../../../../../usr/share/ECM/kde-modules/KDEInstallDirs.cmake">
          <Option virtualFolder="CMake Files\..\..\..\..\..\usr\share\ECM\kde-modules\" />
      </Unit>
      <Unit filename="/home/scm/projects/hdf5Thumbnails/cpp/../../../../../usr/share/ECM/kde-modules/KDECMakeSettings.cmake">
          <Option virtualFolder="CMake Files\..\..\..\..\..\usr\share\ECM\kde-modules\" />
      </Unit>
      <Unit filename="/home/scm/projects/hdf5Thumbnails/cpp/../../../../../usr/share/ECM/kde-modules/KDECompilerSettings.cmake">
          <Option virtualFolder="CMake Files\..\..\..\..\..\usr\share\ECM\kde-modules\" />
      </Unit>
      <Unit filename="/home/scm/projects/hdf5Thumbnails/cpp/../../../../../usr/share/ECM/find-modules/FindKF5.cmake">
          <Option virtualFolder="CMake Files\..\..\..\..\..\usr\share\ECM\find-modules\" />
      </Unit>
      <Unit filename="/home/scm/projects/hdf5Thumbnails/cpp/../../../../../usr/share/ECM/find-modules/ECMFindModuleHelpersStub.cmake">
          <Option virtualFolder="CMake Files\..\..\..\..\..\usr\share\ECM\find-modules\" />
      </Unit>
      <Unit filename="/home/scm/projects/hdf5Thumbnails/cpp/../../../../../usr/lib64/cmake/Qt5Core/Qt5CoreConfigVersion.cmake">
          <Option virtualFolder="CMake Files\..\..\..\..\..\usr\lib64\cmake\Qt5Core\" />
      </Unit>
      <Unit filename="/home/scm/projects/hdf5Thumbnails/cpp/../../../../../usr/lib64/cmake/Qt5Core/Qt5CoreConfig.cmake">
          <Option virtualFolder="CMake Files\..\..\..\..\..\usr\lib64\cmake\Qt5Core\" />
      </Unit>
      <Unit filename="/home/scm/projects/hdf5Thumbnails/cpp/../../../../../usr/lib64/cmake/Qt5Core/Qt5CoreConfigExtras.cmake">
          <Option virtualFolder="CMake Files\..\..\..\..\..\usr\lib64\cmake\Qt5Core\" />
      </Unit>
      <Unit filename="/home/scm/projects/hdf5Thumbnails/cpp/../../../../../usr/lib64/cmake/Qt5Core/Qt5CoreConfigExtrasMkspecDir.cmake">
          <Option virtualFolder="CMake Files\..\..\..\..\..\usr\lib64\cmake\Qt5Core\" />
      </Unit>
      <Unit filename="/home/scm/projects/hdf5Thumbnails/cpp/../../../../../usr/lib64/cmake/Qt5Core/Qt5CoreMacros.cmake">
          <Option virtualFolder="CMake Files\..\..\..\..\..\usr\lib64\cmake\Qt5Core\" />
      </Unit>
      <Unit filename="/home/scm/projects/hdf5Thumbnails/cpp/../../../../../usr/lib64/cmake/Qt5/Qt5ConfigVersion.cmake">
          <Option virtualFolder="CMake Files\..\..\..\..\..\usr\lib64\cmake\Qt5\" />
      </Unit>
      <Unit filename="/home/scm/projects/hdf5Thumbnails/cpp/../../../../../usr/lib64/cmake/Qt5/Qt5Config.cmake">
          <Option virtualFolder="CMake Files\..\..\..\..\..\usr\lib64\cmake\Qt5\" />
      </Unit>
      <Unit filename="/home/scm/projects/hdf5Thumbnails/cpp/../../../../../usr/lib64/cmake/Qt5Gui/Qt5GuiConfigVersion.cmake">
          <Option virtualFolder="CMake Files\..\..\..\..\..\usr\lib64\cmake\Qt5Gui\" />
      </Unit>
      <Unit filename="/home/scm/projects/hdf5Thumbnails/cpp/../../../../../usr/lib64/cmake/Qt5Gui/Qt5GuiConfig.cmake">
          <Option virtualFolder="CMake Files\..\..\..\..\..\usr\lib64\cmake\Qt5Gui\" />
      </Unit>
      <Unit filename="/home/scm/projects/hdf5Thumbnails/cpp/../../../../../usr/lib64/cmake/Qt5Gui/Qt5Gui_QTgaPlugin.cmake">
          <Option virtualFolder="CMake Files\..\..\..\..\..\usr\lib64\cmake\Qt5Gui\" />
      </Unit>
      <Unit filename="/home/scm/projects/hdf5Thumbnails/cpp/../../../../../usr/lib64/cmake/Qt5Gui/Qt5Gui_QTiffPlugin.cmake">
          <Option virtualFolder="CMake Files\..\..\..\..\..\usr\lib64\cmake\Qt5Gui\" />
      </Unit>
      <Unit filename="/home/scm/projects/hdf5Thumbnails/cpp/../../../../../usr/lib64/cmake/Qt5Gui/Qt5Gui_QJpegPlugin.cmake">
          <Option virtualFolder="CMake Files\..\..\..\..\..\usr\lib64\cmake\Qt5Gui\" />
      </Unit>
      <Unit filename="/home/scm/projects/hdf5Thumbnails/cpp/../../../../../usr/lib64/cmake/Qt5Gui/Qt5Gui_QMinimalIntegrationPlugin.cmake">
          <Option virtualFolder="CMake Files\..\..\..\..\..\usr\lib64\cmake\Qt5Gui\" />
      </Unit>
      <Unit filename="/home/scm/projects/hdf5Thumbnails/cpp/../../../../../usr/lib64/cmake/Qt5Gui/Qt5Gui_QComposePlatformInputContextPlugin.cmake">
          <Option virtualFolder="CMake Files\..\..\..\..\..\usr\lib64\cmake\Qt5Gui\" />
      </Unit>
      <Unit filename="/home/scm/projects/hdf5Thumbnails/cpp/../../../../../usr/lib64/cmake/Qt5Gui/Qt5Gui_QWebpPlugin.cmake">
          <Option virtualFolder="CMake Files\..\..\..\..\..\usr\lib64\cmake\Qt5Gui\" />
      </Unit>
      <Unit filename="/home/scm/projects/hdf5Thumbnails/cpp/../../../../../usr/lib64/cmake/Qt5Gui/Qt5Gui_QMngPlugin.cmake">
          <Option virtualFolder="CMake Files\..\..\..\..\..\usr\lib64\cmake\Qt5Gui\" />
      </Unit>
      <Unit filename="/home/scm/projects/hdf5Thumbnails/cpp/../../../../../usr/lib64/cmake/Qt5Gui/Qt5Gui_QDDSPlugin.cmake">
          <Option virtualFolder="CMake Files\..\..\..\..\..\usr\lib64\cmake\Qt5Gui\" />
      </Unit>
      <Unit filename="/home/scm/projects/hdf5Thumbnails/cpp/../../../../../usr/lib64/cmake/Qt5Gui/Qt5Gui_QWbmpPlugin.cmake">
          <Option virtualFolder="CMake Files\..\..\..\..\..\usr\lib64\cmake\Qt5Gui\" />
      </Unit>
      <Unit filename="/home/scm/projects/hdf5Thumbnails/cpp/../../../../../usr/lib64/cmake/Qt5Gui/Qt5Gui_QICOPlugin.cmake">
          <Option virtualFolder="CMake Files\..\..\..\..\..\usr\lib64\cmake\Qt5Gui\" />
      </Unit>
      <Unit filename="/home/scm/projects/hdf5Thumbnails/cpp/../../../../../usr/lib64/cmake/Qt5Gui/Qt5Gui_QXcbIntegrationPlugin.cmake">
          <Option virtualFolder="CMake Files\..\..\..\..\..\usr\lib64\cmake\Qt5Gui\" />
      </Unit>
      <Unit filename="/home/scm/projects/hdf5Thumbnails/cpp/../../../../../usr/lib64/cmake/Qt5Gui/Qt5Gui_QGifPlugin.cmake">
          <Option virtualFolder="CMake Files\..\..\..\..\..\usr\lib64\cmake\Qt5Gui\" />
      </Unit>
      <Unit filename="/home/scm/projects/hdf5Thumbnails/cpp/../../../../../usr/lib64/cmake/Qt5Gui/Qt5Gui_QICNSPlugin.cmake">
          <Option virtualFolder="CMake Files\..\..\..\..\..\usr\lib64\cmake\Qt5Gui\" />
      </Unit>
      <Unit filename="/home/scm/projects/hdf5Thumbnails/cpp/../../../../../usr/lib64/cmake/Qt5Gui/Qt5Gui_QXcbGlxIntegrationPlugin.cmake">
          <Option virtualFolder="CMake Files\..\..\..\..\..\usr\lib64\cmake\Qt5Gui\" />
      </Unit>
      <Unit filename="/home/scm/projects/hdf5Thumbnails/cpp/../../../../../usr/lib64/cmake/Qt5Gui/Qt5Gui_QJp2Plugin.cmake">
          <Option virtualFolder="CMake Files\..\..\..\..\..\usr\lib64\cmake\Qt5Gui\" />
      </Unit>
      <Unit filename="/home/scm/projects/hdf5Thumbnails/cpp/../../../../../usr/lib64/cmake/Qt5Gui/Qt5Gui_QOffscreenIntegrationPlugin.cmake">
          <Option virtualFolder="CMake Files\..\..\..\..\..\usr\lib64\cmake\Qt5Gui\" />
      </Unit>
      <Unit filename="/home/scm/projects/hdf5Thumbnails/cpp/../../../../../usr/lib64/cmake/Qt5Gui/Qt5GuiConfigExtras.cmake">
          <Option virtualFolder="CMake Files\..\..\..\..\..\usr\lib64\cmake\Qt5Gui\" />
      </Unit>
      <Unit filename="/home/scm/projects/hdf5Thumbnails/cpp/../../../../../usr/lib64/cmake/KF5KIO/KF5KIOConfigVersion.cmake">
          <Option virtualFolder="CMake Files\..\..\..\..\..\usr\lib64\cmake\KF5KIO\" />
      </Unit>
      <Unit filename="/home/scm/projects/hdf5Thumbnails/cpp/../../../../../usr/lib64/cmake/KF5KIO/KF5KIOConfig.cmake">
          <Option virtualFolder="CMake Files\..\..\..\..\..\usr\lib64\cmake\KF5KIO\" />
      </Unit>
      <Unit filename="/home/scm/projects/hdf5Thumbnails/cpp/../../../../../usr/lib64/cmake/KF5KIO/KF5KIOTargets.cmake">
          <Option virtualFolder="CMake Files\..\..\..\..\..\usr\lib64\cmake\KF5KIO\" />
      </Unit>
      <Unit filename="/home/scm/projects/hdf5Thumbnails/cpp/../../../../../usr/lib64/cmake/KF5KIO/KF5KIOTargets-gentoo.cmake">
          <Option virtualFolder="CMake Files\..\..\..\..\..\usr\lib64\cmake\KF5KIO\" />
      </Unit>
      <Unit filename="/home/scm/projects/hdf5Thumbnails/cpp/../../../../../usr/lib64/cmake/KF5CoreAddons/KF5CoreAddonsConfigVersion.cmake">
          <Option virtualFolder="CMake Files\..\..\..\..\..\usr\lib64\cmake\KF5CoreAddons\" />
      </Unit>
      <Unit filename="/home/scm/projects/hdf5Thumbnails/cpp/../../../../../usr/lib64/cmake/KF5CoreAddons/KF5CoreAddonsConfig.cmake">
          <Option virtualFolder="CMake Files\..\..\..\..\..\usr\lib64\cmake\KF5CoreAddons\" />
      </Unit>
      <Unit filename="/home/scm/projects/hdf5Thumbnails/cpp/../../../../../usr/lib64/cmake/KF5CoreAddons/KF5CoreAddonsToolingTargets.cmake">
          <Option virtualFolder="CMake Files\..\..\..\..\..\usr\lib64\cmake\KF5CoreAddons\" />
      </Unit>
      <Unit filename="/home/scm/projects/hdf5Thumbnails/cpp/../../../../../usr/lib64/cmake/KF5CoreAddons/KF5CoreAddonsToolingTargets-gentoo.cmake">
          <Option virtualFolder="CMake Files\..\..\..\..\..\usr\lib64\cmake\KF5CoreAddons\" />
      </Unit>
      <Unit filename="/home/scm/projects/hdf5Thumbnails/cpp/../../../../../usr/lib64/cmake/KF5CoreAddons/KF5CoreAddonsTargets.cmake">
          <Option virtualFolder="CMake Files\..\..\..\..\..\usr\lib64\cmake\KF5CoreAddons\" />
      </Unit>
      <Unit filename="/home/scm/projects/hdf5Thumbnails/cpp/../../../../../usr/lib64/cmake/KF5CoreAddons/KF5CoreAddonsTargets-gentoo.cmake">
          <Option virtualFolder="CMake Files\..\..\..\..\..\usr\lib64\cmake\KF5CoreAddons\" />
      </Unit>
      <Unit filename="/home/scm/projects/hdf5Thumbnails/cpp/../../../../../usr/lib64/cmake/KF5CoreAddons/KF5CoreAddonsMacros.cmake">
          <Option virtualFolder="CMake Files\..\..\..\..\..\usr\lib64\cmake\KF5CoreAddons\" />
      </Unit>
      <Unit filename="/home/scm/projects/hdf5Thumbnails/cpp/../../../../../usr/lib64/cmake/KF5Config/KF5ConfigConfigVersion.cmake">
          <Option virtualFolder="CMake Files\..\..\..\..\..\usr\lib64\cmake\KF5Config\" />
      </Unit>
      <Unit filename="/home/scm/projects/hdf5Thumbnails/cpp/../../../../../usr/lib64/cmake/KF5Config/KF5ConfigConfig.cmake">
          <Option virtualFolder="CMake Files\..\..\..\..\..\usr\lib64\cmake\KF5Config\" />
      </Unit>
      <Unit filename="/home/scm/projects/hdf5Thumbnails/cpp/../../../../../usr/lib64/cmake/KF5Config/KF5ConfigTargets.cmake">
          <Option virtualFolder="CMake Files\..\..\..\..\..\usr\lib64\cmake\KF5Config\" />
      </Unit>
      <Unit filename="/home/scm/projects/hdf5Thumbnails/cpp/../../../../../usr/lib64/cmake/KF5Config/KF5ConfigTargets-gentoo.cmake">
          <Option virtualFolder="CMake Files\..\..\..\..\..\usr\lib64\cmake\KF5Config\" />
      </Unit>
      <Unit filename="/home/scm/projects/hdf5Thumbnails/cpp/../../../../../usr/lib64/cmake/KF5Config/KF5ConfigCompilerTargets.cmake">
          <Option virtualFolder="CMake Files\..\..\..\..\..\usr\lib64\cmake\KF5Config\" />
      </Unit>
      <Unit filename="/home/scm/projects/hdf5Thumbnails/cpp/../../../../../usr/lib64/cmake/KF5Config/KF5ConfigCompilerTargets-gentoo.cmake">
          <Option virtualFolder="CMake Files\..\..\..\..\..\usr\lib64\cmake\KF5Config\" />
      </Unit>
      <Unit filename="/home/scm/projects/hdf5Thumbnails/cpp/../../../../../usr/lib64/cmake/KF5Config/KF5ConfigMacros.cmake">
          <Option virtualFolder="CMake Files\..\..\..\..\..\usr\lib64\cmake\KF5Config\" />
      </Unit>
      <Unit filename="/home/scm/projects/hdf5Thumbnails/cpp/../../../../../usr/lib64/cmake/Qt5Xml/Qt5XmlConfigVersion.cmake">
          <Option virtualFolder="CMake Files\..\..\..\..\..\usr\lib64\cmake\Qt5Xml\" />
      </Unit>
      <Unit filename="/home/scm/projects/hdf5Thumbnails/cpp/../../../../../usr/lib64/cmake/Qt5Xml/Qt5XmlConfig.cmake">
          <Option virtualFolder="CMake Files\..\..\..\..\..\usr\lib64\cmake\Qt5Xml\" />
      </Unit>
      <Unit filename="/home/scm/projects/hdf5Thumbnails/cpp/../../../../../usr/lib64/cmake/KF5Service/KF5ServiceConfigVersion.cmake">
          <Option virtualFolder="CMake Files\..\..\..\..\..\usr\lib64\cmake\KF5Service\" />
      </Unit>
      <Unit filename="/home/scm/projects/hdf5Thumbnails/cpp/../../../../../usr/lib64/cmake/KF5Service/KF5ServiceConfig.cmake">
          <Option virtualFolder="CMake Files\..\..\..\..\..\usr\lib64\cmake\KF5Service\" />
      </Unit>
      <Unit filename="/home/scm/projects/hdf5Thumbnails/cpp/../../../../../usr/lib64/cmake/KF5Service/KF5ServiceTargets.cmake">
          <Option virtualFolder="CMake Files\..\..\..\..\..\usr\lib64\cmake\KF5Service\" />
      </Unit>
      <Unit filename="/home/scm/projects/hdf5Thumbnails/cpp/../../../../../usr/lib64/cmake/KF5Service/KF5ServiceTargets-gentoo.cmake">
          <Option virtualFolder="CMake Files\..\..\..\..\..\usr\lib64\cmake\KF5Service\" />
      </Unit>
      <Unit filename="/home/scm/projects/hdf5Thumbnails/cpp/../../../../../usr/lib64/cmake/KF5Service/KF5ServiceMacros.cmake">
          <Option virtualFolder="CMake Files\..\..\..\..\..\usr\lib64\cmake\KF5Service\" />
      </Unit>
      <Unit filename="/home/scm/projects/hdf5Thumbnails/cpp/../../../../../usr/lib64/cmake/KF5Bookmarks/KF5BookmarksConfigVersion.cmake">
          <Option virtualFolder="CMake Files\..\..\..\..\..\usr\lib64\cmake\KF5Bookmarks\" />
      </Unit>
      <Unit filename="/home/scm/projects/hdf5Thumbnails/cpp/../../../../../usr/lib64/cmake/KF5Bookmarks/KF5BookmarksConfig.cmake">
          <Option virtualFolder="CMake Files\..\..\..\..\..\usr\lib64\cmake\KF5Bookmarks\" />
      </Unit>
      <Unit filename="/home/scm/projects/hdf5Thumbnails/cpp/../../../../../usr/lib64/cmake/KF5Bookmarks/KF5BookmarksTargets.cmake">
          <Option virtualFolder="CMake Files\..\..\..\..\..\usr\lib64\cmake\KF5Bookmarks\" />
      </Unit>
      <Unit filename="/home/scm/projects/hdf5Thumbnails/cpp/../../../../../usr/lib64/cmake/KF5Bookmarks/KF5BookmarksTargets-gentoo.cmake">
          <Option virtualFolder="CMake Files\..\..\..\..\..\usr\lib64\cmake\KF5Bookmarks\" />
      </Unit>
      <Unit filename="/home/scm/projects/hdf5Thumbnails/cpp/../../../../../usr/lib64/cmake/KF5WidgetsAddons/KF5WidgetsAddonsConfigVersion.cmake">
          <Option virtualFolder="CMake Files\..\..\..\..\..\usr\lib64\cmake\KF5WidgetsAddons\" />
      </Unit>
      <Unit filename="/home/scm/projects/hdf5Thumbnails/cpp/../../../../../usr/lib64/cmake/KF5WidgetsAddons/KF5WidgetsAddonsConfig.cmake">
          <Option virtualFolder="CMake Files\..\..\..\..\..\usr\lib64\cmake\KF5WidgetsAddons\" />
      </Unit>
      <Unit filename="/home/scm/projects/hdf5Thumbnails/cpp/../../../../../usr/lib64/cmake/KF5WidgetsAddons/KF5WidgetsAddonsTargets.cmake">
          <Option virtualFolder="CMake Files\..\..\..\..\..\usr\lib64\cmake\KF5WidgetsAddons\" />
      </Unit>
      <Unit filename="/home/scm/projects/hdf5Thumbnails/cpp/../../../../../usr/lib64/cmake/KF5WidgetsAddons/KF5WidgetsAddonsTargets-gentoo.cmake">
          <Option virtualFolder="CMake Files\..\..\..\..\..\usr\lib64\cmake\KF5WidgetsAddons\" />
      </Unit>
      <Unit filename="/home/scm/projects/hdf5Thumbnails/cpp/../../../../../usr/lib64/cmake/Qt5Widgets/Qt5WidgetsConfigVersion.cmake">
          <Option virtualFolder="CMake Files\..\..\..\..\..\usr\lib64\cmake\Qt5Widgets\" />
      </Unit>
      <Unit filename="/home/scm/projects/hdf5Thumbnails/cpp/../../../../../usr/lib64/cmake/Qt5Widgets/Qt5WidgetsConfig.cmake">
          <Option virtualFolder="CMake Files\..\..\..\..\..\usr\lib64\cmake\Qt5Widgets\" />
      </Unit>
      <Unit filename="/home/scm/projects/hdf5Thumbnails/cpp/../../../../../usr/lib64/cmake/Qt5Widgets/Qt5WidgetsConfigExtras.cmake">
          <Option virtualFolder="CMake Files\..\..\..\..\..\usr\lib64\cmake\Qt5Widgets\" />
      </Unit>
      <Unit filename="/home/scm/projects/hdf5Thumbnails/cpp/../../../../../usr/lib64/cmake/Qt5Widgets/Qt5WidgetsMacros.cmake">
          <Option virtualFolder="CMake Files\..\..\..\..\..\usr\lib64\cmake\Qt5Widgets\" />
      </Unit>
      <Unit filename="/home/scm/projects/hdf5Thumbnails/cpp/../../../../../usr/lib64/cmake/KF5Completion/KF5CompletionConfigVersion.cmake">
          <Option virtualFolder="CMake Files\..\..\..\..\..\usr\lib64\cmake\KF5Completion\" />
      </Unit>
      <Unit filename="/home/scm/projects/hdf5Thumbnails/cpp/../../../../../usr/lib64/cmake/KF5Completion/KF5CompletionConfig.cmake">
          <Option virtualFolder="CMake Files\..\..\..\..\..\usr\lib64\cmake\KF5Completion\" />
      </Unit>
      <Unit filename="/home/scm/projects/hdf5Thumbnails/cpp/../../../../../usr/lib64/cmake/KF5Completion/KF5CompletionTargets.cmake">
          <Option virtualFolder="CMake Files\..\..\..\..\..\usr\lib64\cmake\KF5Completion\" />
      </Unit>
      <Unit filename="/home/scm/projects/hdf5Thumbnails/cpp/../../../../../usr/lib64/cmake/KF5Completion/KF5CompletionTargets-gentoo.cmake">
          <Option virtualFolder="CMake Files\..\..\..\..\..\usr\lib64\cmake\KF5Completion\" />
      </Unit>
      <Unit filename="/home/scm/projects/hdf5Thumbnails/cpp/../../../../../usr/lib64/cmake/KF5ItemViews/KF5ItemViewsConfigVersion.cmake">
          <Option virtualFolder="CMake Files\..\..\..\..\..\usr\lib64\cmake\KF5ItemViews\" />
      </Unit>
      <Unit filename="/home/scm/projects/hdf5Thumbnails/cpp/../../../../../usr/lib64/cmake/KF5ItemViews/KF5ItemViewsConfig.cmake">
          <Option virtualFolder="CMake Files\..\..\..\..\..\usr\lib64\cmake\KF5ItemViews\" />
      </Unit>
      <Unit filename="/home/scm/projects/hdf5Thumbnails/cpp/../../../../../usr/lib64/cmake/KF5ItemViews/KF5ItemViewsTargets.cmake">
          <Option virtualFolder="CMake Files\..\..\..\..\..\usr\lib64\cmake\KF5ItemViews\" />
      </Unit>
      <Unit filename="/home/scm/projects/hdf5Thumbnails/cpp/../../../../../usr/lib64/cmake/KF5ItemViews/KF5ItemViewsTargets-gentoo.cmake">
          <Option virtualFolder="CMake Files\..\..\..\..\..\usr\lib64\cmake\KF5ItemViews\" />
      </Unit>
      <Unit filename="/home/scm/projects/hdf5Thumbnails/cpp/../../../../../usr/lib64/cmake/KF5JobWidgets/KF5JobWidgetsConfigVersion.cmake">
          <Option virtualFolder="CMake Files\..\..\..\..\..\usr\lib64\cmake\KF5JobWidgets\" />
      </Unit>
      <Unit filename="/home/scm/projects/hdf5Thumbnails/cpp/../../../../../usr/lib64/cmake/KF5JobWidgets/KF5JobWidgetsConfig.cmake">
          <Option virtualFolder="CMake Files\..\..\..\..\..\usr\lib64\cmake\KF5JobWidgets\" />
      </Unit>
      <Unit filename="/home/scm/projects/hdf5Thumbnails/cpp/../../../../../usr/lib64/cmake/KF5JobWidgets/KF5JobWidgetsTargets.cmake">
          <Option virtualFolder="CMake Files\..\..\..\..\..\usr\lib64\cmake\KF5JobWidgets\" />
      </Unit>
      <Unit filename="/home/scm/projects/hdf5Thumbnails/cpp/../../../../../usr/lib64/cmake/KF5JobWidgets/KF5JobWidgetsTargets-gentoo.cmake">
          <Option virtualFolder="CMake Files\..\..\..\..\..\usr\lib64\cmake\KF5JobWidgets\" />
      </Unit>
      <Unit filename="/home/scm/projects/hdf5Thumbnails/cpp/../../../../../usr/lib64/cmake/KF5Solid/KF5SolidConfigVersion.cmake">
          <Option virtualFolder="CMake Files\..\..\..\..\..\usr\lib64\cmake\KF5Solid\" />
      </Unit>
      <Unit filename="/home/scm/projects/hdf5Thumbnails/cpp/../../../../../usr/lib64/cmake/KF5Solid/KF5SolidConfig.cmake">
          <Option virtualFolder="CMake Files\..\..\..\..\..\usr\lib64\cmake\KF5Solid\" />
      </Unit>
      <Unit filename="/home/scm/projects/hdf5Thumbnails/cpp/../../../../../usr/lib64/cmake/KF5Solid/KF5SolidTargets.cmake">
          <Option virtualFolder="CMake Files\..\..\..\..\..\usr\lib64\cmake\KF5Solid\" />
      </Unit>
      <Unit filename="/home/scm/projects/hdf5Thumbnails/cpp/../../../../../usr/lib64/cmake/KF5Solid/KF5SolidTargets-gentoo.cmake">
          <Option virtualFolder="CMake Files\..\..\..\..\..\usr\lib64\cmake\KF5Solid\" />
      </Unit>
      <Unit filename="/home/scm/projects/hdf5Thumbnails/cpp/../../../../../usr/lib64/cmake/KF5XmlGui/KF5XmlGuiConfigVersion.cmake">
          <Option virtualFolder="CMake Files\..\..\..\..\..\usr\lib64\cmake\KF5XmlGui\" />
      </Unit>
      <Unit filename="/home/scm/projects/hdf5Thumbnails/cpp/../../../../../usr/lib64/cmake/KF5XmlGui/KF5XmlGuiConfig.cmake">
          <Option virtualFolder="CMake Files\..\..\..\..\..\usr\lib64\cmake\KF5XmlGui\" />
      </Unit>
      <Unit filename="/home/scm/projects/hdf5Thumbnails/cpp/../../../../../usr/lib64/cmake/KF5XmlGui/KF5XmlGuiTargets.cmake">
          <Option virtualFolder="CMake Files\..\..\..\..\..\usr\lib64\cmake\KF5XmlGui\" />
      </Unit>
      <Unit filename="/home/scm/projects/hdf5Thumbnails/cpp/../../../../../usr/lib64/cmake/KF5XmlGui/KF5XmlGuiTargets-gentoo.cmake">
          <Option virtualFolder="CMake Files\..\..\..\..\..\usr\lib64\cmake\KF5XmlGui\" />
      </Unit>
      <Unit filename="/home/scm/projects/hdf5Thumbnails/cpp/../../../../../usr/lib64/cmake/Qt5DBus/Qt5DBusConfigVersion.cmake">
          <Option virtualFolder="CMake Files\..\..\..\..\..\usr\lib64\cmake\Qt5DBus\" />
      </Unit>
      <Unit filename="/home/scm/projects/hdf5Thumbnails/cpp/../../../../../usr/lib64/cmake/Qt5DBus/Qt5DBusConfig.cmake">
          <Option virtualFolder="CMake Files\..\..\..\..\..\usr\lib64\cmake\Qt5DBus\" />
      </Unit>
      <Unit filename="/home/scm/projects/hdf5Thumbnails/cpp/../../../../../usr/lib64/cmake/Qt5DBus/Qt5DBusConfigExtras.cmake">
          <Option virtualFolder="CMake Files\..\..\..\..\..\usr\lib64\cmake\Qt5DBus\" />
      </Unit>
      <Unit filename="/home/scm/projects/hdf5Thumbnails/cpp/../../../../../usr/lib64/cmake/Qt5DBus/Qt5DBusMacros.cmake">
          <Option virtualFolder="CMake Files\..\..\..\..\..\usr\lib64\cmake\Qt5DBus\" />
      </Unit>
      <Unit filename="/home/scm/projects/hdf5Thumbnails/cpp/../../../../../usr/lib64/cmake/KF5ConfigWidgets/KF5ConfigWidgetsConfigVersion.cmake">
          <Option virtualFolder="CMake Files\..\..\..\..\..\usr\lib64\cmake\KF5ConfigWidgets\" />
      </Unit>
      <Unit filename="/home/scm/projects/hdf5Thumbnails/cpp/../../../../../usr/lib64/cmake/KF5ConfigWidgets/KF5ConfigWidgetsConfig.cmake">
          <Option virtualFolder="CMake Files\..\..\..\..\..\usr\lib64\cmake\KF5ConfigWidgets\" />
      </Unit>
      <Unit filename="/home/scm/projects/hdf5Thumbnails/cpp/../../../../../usr/lib64/cmake/KF5ConfigWidgets/KF5ConfigWidgetsTargets.cmake">
          <Option virtualFolder="CMake Files\..\..\..\..\..\usr\lib64\cmake\KF5ConfigWidgets\" />
      </Unit>
      <Unit filename="/home/scm/projects/hdf5Thumbnails/cpp/../../../../../usr/lib64/cmake/KF5ConfigWidgets/KF5ConfigWidgetsTargets-gentoo.cmake">
          <Option virtualFolder="CMake Files\..\..\..\..\..\usr\lib64\cmake\KF5ConfigWidgets\" />
      </Unit>
      <Unit filename="/home/scm/projects/hdf5Thumbnails/cpp/../../../../../usr/lib64/cmake/KF5Auth/KF5AuthConfigVersion.cmake">
          <Option virtualFolder="CMake Files\..\..\..\..\..\usr\lib64\cmake\KF5Auth\" />
      </Unit>
      <Unit filename="/home/scm/projects/hdf5Thumbnails/cpp/../../../../../usr/lib64/cmake/KF5Auth/KF5AuthConfig.cmake">
          <Option virtualFolder="CMake Files\..\..\..\..\..\usr\lib64\cmake\KF5Auth\" />
      </Unit>
      <Unit filename="/home/scm/projects/hdf5Thumbnails/cpp/../../../../../usr/lib64/cmake/KF5Auth/KF5AuthTargets.cmake">
          <Option virtualFolder="CMake Files\..\..\..\..\..\usr\lib64\cmake\KF5Auth\" />
      </Unit>
      <Unit filename="/home/scm/projects/hdf5Thumbnails/cpp/../../../../../usr/lib64/cmake/KF5Auth/KF5AuthTargets-gentoo.cmake">
          <Option virtualFolder="CMake Files\..\..\..\..\..\usr\lib64\cmake\KF5Auth\" />
      </Unit>
      <Unit filename="/home/scm/projects/hdf5Thumbnails/cpp/../../../../../usr/lib64/cmake/KF5Auth/KF5AuthMacros.cmake">
          <Option virtualFolder="CMake Files\..\..\..\..\..\usr\lib64\cmake\KF5Auth\" />
      </Unit>
      <Unit filename="/home/scm/projects/hdf5Thumbnails/cpp/../../../../../usr/lib64/cmake/KF5Auth/KF5AuthToolsTargets.cmake">
          <Option virtualFolder="CMake Files\..\..\..\..\..\usr\lib64\cmake\KF5Auth\" />
      </Unit>
      <Unit filename="/home/scm/projects/hdf5Thumbnails/cpp/../../../../../usr/lib64/cmake/KF5Auth/KF5AuthToolsTargets-gentoo.cmake">
          <Option virtualFolder="CMake Files\..\..\..\..\..\usr\lib64\cmake\KF5Auth\" />
      </Unit>
      <Unit filename="/home/scm/projects/hdf5Thumbnails/cpp/../../../../../usr/lib64/cmake/KF5Codecs/KF5CodecsConfigVersion.cmake">
          <Option virtualFolder="CMake Files\..\..\..\..\..\usr\lib64\cmake\KF5Codecs\" />
      </Unit>
      <Unit filename="/home/scm/projects/hdf5Thumbnails/cpp/../../../../../usr/lib64/cmake/KF5Codecs/KF5CodecsConfig.cmake">
          <Option virtualFolder="CMake Files\..\..\..\..\..\usr\lib64\cmake\KF5Codecs\" />
      </Unit>
      <Unit filename="/home/scm/projects/hdf5Thumbnails/cpp/../../../../../usr/lib64/cmake/KF5Codecs/KF5CodecsTargets.cmake">
          <Option virtualFolder="CMake Files\..\..\..\..\..\usr\lib64\cmake\KF5Codecs\" />
      </Unit>
      <Unit filename="/home/scm/projects/hdf5Thumbnails/cpp/../../../../../usr/lib64/cmake/KF5Codecs/KF5CodecsTargets-gentoo.cmake">
          <Option virtualFolder="CMake Files\..\..\..\..\..\usr\lib64\cmake\KF5Codecs\" />
      </Unit>
      <Unit filename="/home/scm/projects/hdf5Thumbnails/cpp/../../../../../usr/lib64/cmake/Qt5Network/Qt5NetworkConfigVersion.cmake">
          <Option virtualFolder="CMake Files\..\..\..\..\..\usr\lib64\cmake\Qt5Network\" />
      </Unit>
      <Unit filename="/home/scm/projects/hdf5Thumbnails/cpp/../../../../../usr/lib64/cmake/Qt5Network/Qt5NetworkConfig.cmake">
          <Option virtualFolder="CMake Files\..\..\..\..\..\usr\lib64\cmake\Qt5Network\" />
      </Unit>
      <Unit filename="/home/scm/projects/hdf5Thumbnails/cpp/../../../../../usr/lib64/cmake/Qt5Network/Qt5Network_QGenericEnginePlugin.cmake">
          <Option virtualFolder="CMake Files\..\..\..\..\..\usr\lib64\cmake\Qt5Network\" />
      </Unit>
      <Unit filename="/home/scm/projects/hdf5Thumbnails/cpp/../../../../../usr/lib64/cmake/KF5Archive/KF5ArchiveConfigVersion.cmake">
          <Option virtualFolder="CMake Files\..\..\..\..\..\usr\lib64\cmake\KF5Archive\" />
      </Unit>
      <Unit filename="/home/scm/projects/hdf5Thumbnails/cpp/../../../../../usr/lib64/cmake/KF5Archive/KF5ArchiveConfig.cmake">
          <Option virtualFolder="CMake Files\..\..\..\..\..\usr\lib64\cmake\KF5Archive\" />
      </Unit>
      <Unit filename="/home/scm/projects/hdf5Thumbnails/cpp/../../../../../usr/lib64/cmake/KF5Archive/KF5ArchiveTargets.cmake">
          <Option virtualFolder="CMake Files\..\..\..\..\..\usr\lib64\cmake\KF5Archive\" />
      </Unit>
      <Unit filename="/home/scm/projects/hdf5Thumbnails/cpp/../../../../../usr/lib64/cmake/KF5Archive/KF5ArchiveTargets-gentoo.cmake">
          <Option virtualFolder="CMake Files\..\..\..\..\..\usr\lib64\cmake\KF5Archive\" />
      </Unit>
   </Project>
</CodeBlocks_project_file>
